
Microsoft Visual Studio Solution File, Format Version 12.00
# Visual Studio Version 17
VisualStudioVersion = 17.0.32112.339
MinimumVisualStudioVersion = 10.0.40219.1
Project("{FAE04EC0-301F-11D3-BF4B-00C04F79EFBC}") = "Convert", "Convert\Convert.csproj", "{1DFC5603-A8E9-490C-B6DD-BCB2681702BC}"
EndProject
Global
	GlobalSection(SolutionConfigurationPlatforms) = preSolution
		Debug|Any CPU = Debug|Any CPU
		Release|Any CPU = Release|Any CPU
	EndGlobalSection
	GlobalSection(ProjectConfigurationPlatforms) = postSolution
		{1DFC5603-A8E9-490C-B6DD-BCB2681702BC}.Debug|Any CPU.ActiveCfg = Debug|Any CPU
		{1DFC5603-A8E9-490C-B6DD-BCB2681702BC}.Debug|Any CPU.Build.0 = Debug|Any CPU
		{1DFC5603-A8E9-490C-B6DD-BCB2681702BC}.Release|Any CPU.ActiveCfg = Release|Any CPU
		{1DFC5603-A8E9-490C-B6DD-BCB2681702BC}.Release|Any CPU.Build.0 = Release|Any CPU
	EndGlobalSection
	GlobalSection(SolutionProperties) = preSolution
		HideSolutionNode = FALSE
	EndGlobalSection
	GlobalSection(ExtensibilityGlobals) = postSolution
		SolutionGuid = {3FC848BA-DDCE-4E66-B841-851F54F059C3}
	EndGlobalSection
EndGlobal
